GIT
  remote: https://github.com/itojum/mactor
  revision: 18742b23843602af19920c1f8dfd6e18f0446c4c
  specs:
    mactor (0.1.0)

GEM
  remote: https://rubygems.org/
  specs:
    erb (6.0.4)

PLATFORMS
  arm64-darwin-25
  ruby

DEPENDENCIES
  erb
  mactor!

CHECKSUMS
  erb (6.0.4) sha256=38e3803694be357fe2bfe312487c74beaf9fb4e5beb3e22498952fe1645b95d9
  mactor (0.1.0)

BUNDLED WITH
  4.0.10
